
Microsoft Visual Studio Solution File, Format Version 12.00
# Visual Studio Version 17
VisualStudioVersion = 17.11.35219.272
MinimumVisualStudioVersion = 10.0.40219.1
Project("{888888A0-9F3D-457C-B088-3A5042F75D52}") = "Palgad", "Palgad.pyproj", "{597739C3-9C8F-42B4-91E9-AF47BC4CA936}"
EndProject
Global
	GlobalSection(SolutionConfigurationPlatforms) = preSolution
		Debug|Any CPU = Debug|Any CPU
		Release|Any CPU = Release|Any CPU
	EndGlobalSection
	GlobalSection(ProjectConfigurationPlatforms) = postSolution
		{597739C3-9C8F-42B4-91E9-AF47BC4CA936}.Debug|Any CPU.ActiveCfg = Debug|Any CPU
		{597739C3-9C8F-42B4-91E9-AF47BC4CA936}.Release|Any CPU.ActiveCfg = Release|Any CPU
	EndGlobalSection
	GlobalSection(SolutionProperties) = preSolution
		HideSolutionNode = FALSE
	EndGlobalSection
	GlobalSection(ExtensibilityGlobals) = postSolution
		SolutionGuid = {BC4967FC-FE6F-4D90-8789-EA0FC7BBD15E}
	EndGlobalSection
EndGlobal
